
Microsoft Visual Studio Solution File, Format Version 12.00
# Visual Studio Version 17
VisualStudioVersion = 17.11.35222.181
MinimumVisualStudioVersion = 10.0.40219.1
Project("{FAE04EC0-301F-11D3-BF4B-00C04F79EFBC}") = "Project summer 2024", "Project summer 2024\Project summer 2024.csproj", "{BD950850-891F-4BF4-B34F-B0ADB0CCF1CD}"
EndProject
Global
	GlobalSection(SolutionConfigurationPlatforms) = preSolution
		Debug|Any CPU = Debug|Any CPU
		Release|Any CPU = Release|Any CPU
	EndGlobalSection
	GlobalSection(ProjectConfigurationPlatforms) = postSolution
		{BD950850-891F-4BF4-B34F-B0ADB0CCF1CD}.Debug|Any CPU.ActiveCfg = Debug|Any CPU
		{BD950850-891F-4BF4-B34F-B0ADB0CCF1CD}.Debug|Any CPU.Build.0 = Debug|Any CPU
		{BD950850-891F-4BF4-B34F-B0ADB0CCF1CD}.Release|Any CPU.ActiveCfg = Release|Any CPU
		{BD950850-891F-4BF4-B34F-B0ADB0CCF1CD}.Release|Any CPU.Build.0 = Release|Any CPU
	EndGlobalSection
	GlobalSection(SolutionProperties) = preSolution
		HideSolutionNode = FALSE
	EndGlobalSection
	GlobalSection(ExtensibilityGlobals) = postSolution
		SolutionGuid = {3B6B3ACA-B6D7-43A8-BB8C-1F68E32534B1}
	EndGlobalSection
EndGlobal
